// !$*UTF8*$!
{
	archiveVersion = 1;
	classes = {
	};
	objectVersion = 50;
	objects = {

/* Begin PBXBuildFile section */
		B546D4AA2546E54A003C9FAF /* AppDelegate.m in Sources */ = {isa = PBXBuildFile; fileRef = B546D4A92546E54A003C9FAF /* AppDelegate.m */; };
		B546D4AD2546E54A003C9FAF /* SceneDelegate.m in Sources */ = {isa = PBXBuildFile; fileRef = B546D4AC2546E54A003C9FAF /* SceneDelegate.m */; };
		B546D4B02546E54A003C9FAF /* ViewController.m in Sources */ = {isa = PBXBuildFile; fileRef = B546D4AF2546E54A003C9FAF /* ViewController.m */; };
		B546D4B32546E54A003C9FAF /* Main.storyboard in Resources */ = {isa = PBXBuildFile; fileRef = B546D4B12546E54A003C9FAF /* Main.storyboard */; };
		B546D4B52546E54C003C9FAF /* Assets.xcassets in Resources */ = {isa = PBXBuildFile; fileRef = B546D4B42546E54C003C9FAF /* Assets.xcassets */; };
		B546D4B82546E54C003C9FAF /* LaunchScreen.storyboard in Resources */ = {isa = PBXBuildFile; fileRef = B546D4B62546E54C003C9FAF /* LaunchScreen.storyboard */; };
		B546D4BB2546E54C003C9FAF /* main.m in Sources */ = {isa = PBXBuildFile; fileRef = B546D4BA2546E54C003C9FAF /* main.m */; };
		B546D4C32546E9B5003C9FAF /* test.m in Sources */ = {isa = PBXBuildFile; fileRef = B546D4C22546E9B5003C9FAF /* test.m */; };
/* End PBXBuildFile section */

/* Begin PBXFileReference section */
		B546D4A52546E54A003C9FAF /* GitFirst.app */ = {isa = PBXFileReference; explicitFileType = wrapper.application; includeInIndex = 0; path = GitFirst.app; sourceTree = BUILT_PRODUCTS_DIR; };
		B546D4A82546E54A003C9FAF /* AppDelegate.h */ = {isa = PBXFileReference; lastKnownFileType = sourcecode.c.h; path = AppDelegate.h; sourceTree = "<group>"; };
		B546D4A92546E54A003C9FAF /* AppDelegate.m */ = {isa = PBXFileReference; lastKnownFileType = sourcecode.c.objc; path = AppDelegate.m; sourceTree = "<group>"; };
		B546D4AB2546E54A003C9FAF /* SceneDelegate.h */ = {isa = PBXFileReference; lastKnownFileType = sourcecode.c.h; path = SceneDelegate.h; sourceTree = "<group>"; };
		B546D4AC2546E54A003C9FAF /* SceneDelegate.m */ = {isa = PBXFileReference; lastKnownFileType = sourcecode.c.objc; path = SceneDelegate.m; sourceTree = "<group>"; };
		B546D4AE2546E54A003C9FAF /* ViewController.h */ = {isa = PBXFileReference; lastKnownFileType = sourcecode.c.h; path = ViewController.h; sourceTree = "<group>"; };
		B546D4AF2546E54A003C9FAF /* ViewController.m */ = {isa = PBXFileReference; lastKnownFileType = sourcecode.c.objc; path = ViewController.m; sourceTree = "<group>"; };
		B546D4B22546E54A003C9FAF /* Base */ = {isa = PBXFileReference; lastKnownFileType = file.storyboard; name = Base; path = Base.lproj/Main.storyboard; sourceTree = "<group>"; };
		B546D4B42546E54C003C9FAF /* Assets.xcassets */ = {isa = PBXFileReference; lastKnownFileType = folder.assetcatalog; path = Assets.xcassets; sourceTree = "<group>"; };
		B546D4B72546E54C003C9FAF /* Base */ = {isa = PBXFileReference; lastKnownFileType = file.storyboard; name = Base; path = Base.lproj/LaunchScreen.storyboard; sourceTree = "<group>"; };
		B546D4B92546E54C003C9FAF /* Info.plist */ = {isa = PBXFileReference; lastKnownFileType = text.plist.xml; path = Info.plist; sourceTree = "<group>"; };
		B546D4BA2546E54C003C9FAF /* main.m */ = {isa = PBXFileReference; lastKnownFileType = sourcecode.c.objc; path = main.m; sourceTree = "<group>"; };
		B546D4C12546E9B5003C9FAF /* test.h */ = {isa = PBXFileReference; lastKnownFileType = sourcecode.c.h; path = test.h; sourceTree = "<group>"; };
		B546D4C22546E9B5003C9FAF /* test.m */ = {isa = PBXFileReference; lastKnownFileType = sourcecode.c.objc; path = test.m; sourceTree = "<group>"; };
/* End PBXFileReference section */

/* Begin PBXFrameworksBuildPhase section */
		B546D4A22546E54A003C9FAF /* Frameworks */ = {
			isa = PBXFrameworksBuildPhase;
			buildActionMask = 2147483647;
			files = (
			);
			runOnlyForDeploymentPostprocessing = 0;
		};
/* End PBXFrameworksBuildPhase section */

/* Begin PBXGroup section */
		B546D49C2546E54A003C9FAF = {
			isa = PBXGroup;
			children = (
				B546D4A72546E54A003C9FAF /* GitFirst */,
				B546D4A62546E54A003C9FAF /* Products */,
			);
			sourceTree = "<group>";
		};
		B546D4A62546E54A003C9FAF /* Products */ = {
			isa = PBXGroup;
			children = (
				B546D4A52546E54A003C9FAF /* GitFirst.app */,
			);
			name = Products;
			sourceTree = "<group>";
		};
		B546D4A72546E54A003C9FAF /* GitFirst */ = {
			isa = PBXGroup;
			children = (
				B546D4A82546E54A003C9FAF /* AppDelegate.h */,
				B546D4A92546E54A003C9FAF /* AppDelegate.m */,
				B546D4AB2546E54A003C9FAF /* SceneDelegate.h */,
				B546D4AC2546E54A003C9FAF /* SceneDelegate.m */,
				B546D4AE2546E54A003C9FAF /* ViewController.h */,
				B546D4AF2546E54A003C9FAF /* ViewController.m */,
				B546D4B12546E54A003C9FAF /* Main.storyboard */,
				B546D4B42546E54C003C9FAF /* Assets.xcassets */,
				B546D4B62546E54C003C9FAF /* LaunchScreen.storyboard */,
				B546D4B92546E54C003C9FAF /* Info.plist */,
				B546D4BA2546E54C003C9FAF /* main.m */,
				B546D4C12546E9B5003C9FAF /* test.h */,
				B546D4C22546E9B5003C9FAF /* test.m */,
			);
			path = GitFirst;
			sourceTree = "<group>";
		};
/* End PBXGroup section */

/* Begin PBXNativeTarget section */
		B546D4A42546E54A003C9FAF /* GitFirst */ = {
			isa = PBXNativeTarget;
			buildConfigurationList = B546D4BE2546E54C003C9FAF /* Build configuration list for PBXNativeTarget "GitFirst" */;
			buildPhases = (
				B546D4A12546E54A003C9FAF /* Sources */,
				B546D4A22546E54A003C9FAF /* Frameworks */,
				B546D4A32546E54A003C9FAF /* Resources */,
			);
			buildRules = (
			);
			dependencies = (
			);
			name = GitFirst;
			productName = GitFirst;
			productReference = B546D4A52546E54A003C9FAF /* GitFirst.app */;
			productType = "com.apple.product-type.application";
		};
/* End PBXNativeTarget section */

/* Begin PBXProject section */
		B546D49D2546E54A003C9FAF /* Project object */ = {
			isa = PBXProject;
			attributes = {
				LastUpgradeCheck = 1130;
				ORGANIZATIONNAME = "许世盾";
				TargetAttributes = {
					B546D4A42546E54A003C9FAF = {
						CreatedOnToolsVersion = 11.3.1;
					};
				};
			};
			buildConfigurationList = B546D4A02546E54A003C9FAF /* Build configuration list for PBXProject "GitFirst" */;
			compatibilityVersion = "Xcode 9.3";
			developmentRegion = en;
			hasScannedForEncodings = 0;
			knownRegions = (
				en,
				Base,
			);
			mainGroup = B546D49C2546E54A003C9FAF;
			productRefGroup = B546D4A62546E54A003C9FAF /* Products */;
			projectDirPath = "";
			projectRoot = "";
			targets = (
				B546D4A42546E54A003C9FAF /* GitFirst */,
			);
		};
/* End PBXProject section */

/* Begin PBXResourcesBuildPhase section */
		B546D4A32546E54A003C9FAF /* Resources */ = {
			isa = PBXResourcesBuildPhase;
			buildActionMask = 2147483647;
			files = (
				B546D4B82546E54C003C9FAF /* LaunchScreen.storyboard in Resources */,
				B546D4B52546E54C003C9FAF /* Assets.xcassets in Resources */,
				B546D4B32546E54A003C9FAF /* Main.storyboard in Resources */,
			);
			runOnlyForDeploymentPostprocessing = 0;
		};
/* End PBXResourcesBuildPhase section */

/* Begin PBXSourcesBuildPhase section */
		B546D4A12546E54A003C9FAF /* Sources */ = {
			isa = PBXSourcesBuildPhase;
			buildActionMask = 2147483647;
			files = (
				B546D4C32546E9B5003C9FAF /* test.m in Sources */,
				B546D4B02546E54A003C9FAF /* ViewController.m in Sources */,
				B546D4AA2546E54A003C9FAF /* AppDelegate.m in Sources */,
				B546D4BB2546E54C003C9FAF /* main.m in Sources */,
				B546D4AD2546E54A003C9FAF /* SceneDelegate.m in Sources */,
			);
			runOnlyForDeploymentPostprocessing = 0;
		};
/* End PBXSourcesBuildPhase section */

/* Begin PBXVariantGroup section */
		B546D4B12546E54A003C9FAF /* Main.storyboard */ = {
			isa = PBXVariantGroup;
			children = (
				B546D4B22546E54A003C9FAF /* Base */,
			);
			name = Main.storyboard;
			sourceTree = "<group>";
		};
		B546D4B62546E54C003C9FAF /* LaunchScreen.storyboard */ = {
			isa = PBXVariantGroup;
			children = (
				B546D4B72546E54C003C9FAF /* Base */,
			);
			name = LaunchScreen.storyboard;
			sourceTree = "<group>";
		};
/* End PBXVariantGroup section */

/* Begin XCBuildConfiguration section */
		B546D4BC2546E54C003C9FAF /* Debug */ = {
			isa = XCBuildConfiguration;
			buildSettings = {
				ALWAYS_SEARCH_USER_PATHS = NO;
				CLANG_ANALYZER_NONNULL = YES;
				CLANG_ANALYZER_NUMBER_OBJECT_CONVERSION = YES_AGGRESSIVE;
				CLANG_CXX_LANGUAGE_STANDARD = "gnu++14";
				CLANG_CXX_LIBRARY = "libc++";
				CLANG_ENABLE_MODULES = YES;
				CLANG_ENABLE_OBJC_ARC = YES;
				CLANG_ENABLE_OBJC_WEAK = YES;
				CLANG_WARN_BLOCK_CAPTURE_AUTORELEASING = YES;
				CLANG_WARN_BOOL_CONVERSION = YES;
				CLANG_WARN_COMMA = YES;
				CLANG_WARN_CONSTANT_CONVERSION = YES;
				CLANG_WARN_DEPRECATED_OBJC_IMPLEMENTATIONS = YES;
				CLANG_WARN_DIRECT_OBJC_ISA_USAGE = YES_ERROR;
				CLANG_WARN_DOCUMENTATION_COMMENTS = YES;
				CLANG_WARN_EMPTY_BODY = YES;
				CLANG_WARN_ENUM_CONVERSION = YES;
				CLANG_WARN_INFINITE_RECURSION = YES;
				CLANG_WARN_INT_CONVERSION = YES;
				CLANG_WARN_NON_LITERAL_NULL_CONVERSION = YES;
				CLANG_WARN_OBJC_IMPLICIT_RETAIN_SELF = YES;
				CLANG_WARN_OBJC_LITERAL_CONVERSION = YES;
				CLANG_WARN_OBJC_ROOT_CLASS = YES_ERROR;
				CLANG_WARN_RANGE_LOOP_ANALYSIS = YES;
				CLANG_WARN_STRICT_PROTOTYPES = YES;
				CLANG_WARN_SUSPICIOUS_MOVE = YES;
				CLANG_WARN_UNGUARDED_AVAILABILITY = YES_AGGRESSIVE;
				CLANG_WARN_UNREACHABLE_CODE = YES;
				CLANG_WARN__DUPLICATE_METHOD_MATCH = YES;
				COPY_PHASE_STRIP = NO;
				DEBUG_INFORMATION_FORMAT = dwarf;
				ENABLE_STRICT_OBJC_MSGSEND = YES;
				ENABLE_TESTABILITY = YES;
				GCC_C_LANGUAGE_STANDARD = gnu11;
				GCC_DYNAMIC_NO_PIC = NO;
				GCC_NO_COMMON_BLOCKS = YES;
				GCC_OPTIMIZATION_LEVEL = 0;
				GCC_PREPROCESSOR_DEFINITIONS = (
					"DEBUG=1",
					"$(inherited)",
				);
				GCC_WARN_64_TO_32_BIT_CONVERSION = YES;
				GCC_WARN_ABOUT_RETURN_TYPE = YES_ERROR;
				GCC_WARN_UNDECLARED_SELECTOR = YES;
				GCC_WARN_UNINITIALIZED_AUTOS = YES_AGGRESSIVE;
				GCC_WARN_UNUSED_FUNCTION = YES;
				GCC_WARN_UNUSED_VARIABLE = YES;
				IPHONEOS_DEPLOYMENT_TARGET = 13.2;
				MTL_ENABLE_DEBUG_INFO = INCLUDE_SOURCE;
				MTL_FAST_MATH = YES;
				ONLY_ACTIVE_ARCH = YES;
				SDKROOT = iphoneos;
			};
			name = Debug;
		};
		B546D4BD2546E54C003C9FAF /* Release */ = {
			isa = XCBuildConfiguration;
			buildSettings = {
				ALWAYS_SEARCH_USER_PATHS = NO;
				CLANG_ANALYZER_NONNULL = YES;
				CLANG_ANALYZER_NUMBER_OBJECT_CONVERSION = YES_AGGRESSIVE;
				CLANG_CXX_LANGUAGE_STANDARD = "gnu++14";
				CLANG_CXX_LIBRARY = "libc++";
				CLANG_ENABLE_MODULES = YES;
				CLANG_ENABLE_OBJC_ARC = YES;
				CLANG_ENABLE_OBJC_WEAK = YES;
				CLANG_WARN_BLOCK_CAPTURE_AUTORELEASING = YES;
				CLANG_WARN_BOOL_CONVERSION = YES;
				CLANG_WARN_COMMA = YES;
				CLANG_WARN_CONSTANT_CONVERSION = YES;
				CLANG_WARN_DEPRECATED_OBJC_IMPLEMENTATIONS = YES;
				CLANG_WARN_DIRECT_OBJC_ISA_USAGE = YES_ERROR;
				CLANG_WARN_DOCUMENTATION_COMMENTS = YES;
				CLANG_WARN_EMPTY_BODY = YES;
				CLANG_WARN_ENUM_CONVERSION = YES;
				CLANG_WARN_INFINITE_RECURSION = YES;
				CLANG_WARN_INT_CONVERSION = YES;
				CLANG_WARN_NON_LITERAL_NULL_CONVERSION = YES;
				CLANG_WARN_OBJC_IMPLICIT_RETAIN_SELF = YES;
				CLANG_WARN_OBJC_LITERAL_CONVERSION = YES;
				CLANG_WARN_OBJC_ROOT_CLASS = YES_ERROR;
				CLANG_WARN_RANGE_LOOP_ANALYSIS = YES;
				CLANG_WARN_STRICT_PROTOTYPES = YES;
				CLANG_WARN_SUSPICIOUS_MOVE = YES;
				CLANG_WARN_UNGUARDED_AVAILABILITY = YES_AGGRESSIVE;
				CLANG_WARN_UNREACHABLE_CODE = YES;
				CLANG_WARN__DUPLICATE_METHOD_MATCH = YES;
				COPY_PHASE_STRIP = NO;
				DEBUG_INFORMATION_FORMAT = "dwarf-with-dsym";
				ENABLE_NS_ASSERTIONS = NO;
				ENABLE_STRICT_OBJC_MSGSEND = YES;
				GCC_C_LANGUAGE_STANDARD = gnu11;
				GCC_NO_COMMON_BLOCKS = YES;
				GCC_WARN_64_TO_32_BIT_CONVERSION = YES;
				GCC_WARN_ABOUT_RETURN_TYPE = YES_ERROR;
				GCC_WARN_UNDECLARED_SELECTOR = YES;
				GCC_WARN_UNINITIALIZED_AUTOS = YES_AGGRESSIVE;
				GCC_WARN_UNUSED_FUNCTION = YES;
				GCC_WARN_UNUSED_VARIABLE = YES;
				IPHONEOS_DEPLOYMENT_TARGET = 13.2;
				MTL_ENABLE_DEBUG_INFO = NO;
				MTL_FAST_MATH = YES;
				SDKROOT = iphoneos;
				VALIDATE_PRODUCT = YES;
			};
			name = Release;
		};
		B546D4BF2546E54C003C9FAF /* Debug */ = {
			isa = XCBuildConfiguration;
			buildSettings = {
				ASSETCATALOG_COMPILER_APPICON_NAME = AppIcon;
				CODE_SIGN_STYLE = Automatic;
				DEVELOPMENT_TEAM = Y88N68346V;
				INFOPLIST_FILE = GitFirst/Info.plist;
				LD_RUNPATH_SEARCH_PATHS = (
					"$(inherited)",
					"@executable_path/Frameworks",
				);
				PRODUCT_BUNDLE_IDENTIFIER = "---.GitFirst";
				PRODUCT_NAME = "$(TARGET_NAME)";
				TARGETED_DEVICE_FAMILY = "1,2";
			};
			name = Debug;
		};
		B546D4C02546E54C003C9FAF /* Release */ = {
			isa = XCBuildConfiguration;
			buildSettings = {
				ASSETCATALOG_COMPILER_APPICON_NAME = AppIcon;
				CODE_SIGN_STYLE = Automatic;
				DEVELOPMENT_TEAM = Y88N68346V;
				INFOPLIST_FILE = GitFirst/Info.plist;
				LD_RUNPATH_SEARCH_PATHS = (
					"$(inherited)",
					"@executable_path/Frameworks",
				);
				PRODUCT_BUNDLE_IDENTIFIER = "---.GitFirst";
				PRODUCT_NAME = "$(TARGET_NAME)";
				TARGETED_DEVICE_FAMILY = "1,2";
			};
			name = Release;
		};
/* End XCBuildConfiguration section */

/* Begin XCConfigurationList section */
		B546D4A02546E54A003C9FAF /* Build configuration list for PBXProject "GitFirst" */ = {
			isa = XCConfigurationList;
			buildConfigurations = (
				B546D4BC2546E54C003C9FAF /* Debug */,
				B546D4BD2546E54C003C9FAF /* Release */,
			);
			defaultConfigurationIsVisible = 0;
			defaultConfigurationName = Release;
		};
		B546D4BE2546E54C003C9FAF /* Build configuration list for PBXNativeTarget "GitFirst" */ = {
			isa = XCConfigurationList;
			buildConfigurations = (
				B546D4BF2546E54C003C9FAF /* Debug */,
				B546D4C02546E54C003C9FAF /* Release */,
			);
			defaultConfigurationIsVisible = 0;
			defaultConfigurationName = Release;
		};
/* End XCConfigurationList section */
	};
	rootObject = B546D49D2546E54A003C9FAF /* Project object */;
}
